
Microsoft Visual Studio Solution File, Format Version 12.00
# Visual Studio 2012
Project("{F2A71F9B-5D33-465A-A702-920D77279786}") = "parser", "parser\parser.fsproj", "{1E95CFC8-6A94-4634-9528-E0C13BE5C41A}"
EndProject
Project("{FAE04EC0-301F-11D3-BF4B-00C04F79EFBC}") = "Eval", "Eval\Eval.csproj", "{948ABB31-5BDF-4910-A42B-9B6CE71295D5}"
EndProject
Global
	GlobalSection(SolutionConfigurationPlatforms) = preSolution
		Debug|Any CPU = Debug|Any CPU
		Release|Any CPU = Release|Any CPU
	EndGlobalSection
	GlobalSection(ProjectConfigurationPlatforms) = postSolution
		{1E95CFC8-6A94-4634-9528-E0C13BE5C41A}.Debug|Any CPU.ActiveCfg = Debug|Any CPU
		{1E95CFC8-6A94-4634-9528-E0C13BE5C41A}.Debug|Any CPU.Build.0 = Debug|Any CPU
		{1E95CFC8-6A94-4634-9528-E0C13BE5C41A}.Release|Any CPU.ActiveCfg = Release|Any CPU
		{1E95CFC8-6A94-4634-9528-E0C13BE5C41A}.Release|Any CPU.Build.0 = Release|Any CPU
		{948ABB31-5BDF-4910-A42B-9B6CE71295D5}.Debug|Any CPU.ActiveCfg = Debug|Any CPU
		{948ABB31-5BDF-4910-A42B-9B6CE71295D5}.Debug|Any CPU.Build.0 = Debug|Any CPU
		{948ABB31-5BDF-4910-A42B-9B6CE71295D5}.Release|Any CPU.ActiveCfg = Release|Any CPU
		{948ABB31-5BDF-4910-A42B-9B6CE71295D5}.Release|Any CPU.Build.0 = Release|Any CPU
	EndGlobalSection
	GlobalSection(SolutionProperties) = preSolution
		HideSolutionNode = FALSE
	EndGlobalSection
EndGlobal
